
Microsoft Visual Studio Solution File, Format Version 12.00
# Visual Studio Version 16
VisualStudioVersion = 16.0.31515.178
MinimumVisualStudioVersion = 10.0.40219.1
Project("{FAE04EC0-301F-11D3-BF4B-00C04F79EFBC}") = "Slotkin_P5", "Slotkin_P5.csproj", "{6EEE922E-9519-4CF5-90EE-B22F62220330}"
EndProject
Global
	GlobalSection(SolutionConfigurationPlatforms) = preSolution
		Debug|Any CPU = Debug|Any CPU
		Release|Any CPU = Release|Any CPU
	EndGlobalSection
	GlobalSection(ProjectConfigurationPlatforms) = postSolution
		{6EEE922E-9519-4CF5-90EE-B22F62220330}.Debug|Any CPU.ActiveCfg = Debug|Any CPU
		{6EEE922E-9519-4CF5-90EE-B22F62220330}.Debug|Any CPU.Build.0 = Debug|Any CPU
		{6EEE922E-9519-4CF5-90EE-B22F62220330}.Release|Any CPU.ActiveCfg = Release|Any CPU
		{6EEE922E-9519-4CF5-90EE-B22F62220330}.Release|Any CPU.Build.0 = Release|Any CPU
	EndGlobalSection
	GlobalSection(SolutionProperties) = preSolution
		HideSolutionNode = FALSE
	EndGlobalSection
	GlobalSection(ExtensibilityGlobals) = postSolution
		SolutionGuid = {5556F4A2-396E-498D-ACA2-FB066C72BFB4}
	EndGlobalSection
EndGlobal
